github.com/flxch/pipeline v0.0.0-20260208161400-f0dadb7aa8cc h1:WRAFCuas7SCyUr9m5pZGMtD3BL+HdGVm1kbOuYepawc=
github.com/flxch/pipeline v0.0.0-20260208161400-f0dadb7aa8cc/go.mod h1:NFd4EmIKTYJ9F5uqfAoY7EzOFf2lZAsDe2HqdX+bzZA=
github.com/flxch/pipeline v0.0.0-20260326121630-eb76592e21ee h1:uvhRk89N9S9iKeb+Uvgdd7CkOdmqGfgJp6oQKYNoI28=
github.com/flxch/pipeline v0.0.0-20260326121630-eb76592e21ee/go.mod h1:H8Ux/XuYoCr97rr97iDPyOmhpLaenx1etxX4rcxYzyE=
